
Microsoft Visual Studio Solution File, Format Version 12.00
# Visual Studio 15
VisualStudioVersion = 15.0.28307.1145
MinimumVisualStudioVersion = 10.0.40219.1
Project("{FAE04EC0-301F-11D3-BF4B-00C04F79EFBC}") = "Моя группа 1", "Моя группа 1\Моя группа 1.csproj", "{9F5191DD-5843-4B35-9844-6EA99AD34A58}"
EndProject
Global
	GlobalSection(SolutionConfigurationPlatforms) = preSolution
		Debug|Any CPU = Debug|Any CPU
		Release|Any CPU = Release|Any CPU
	EndGlobalSection
	GlobalSection(ProjectConfigurationPlatforms) = postSolution
		{9F5191DD-5843-4B35-9844-6EA99AD34A58}.Debug|Any CPU.ActiveCfg = Debug|Any CPU
		{9F5191DD-5843-4B35-9844-6EA99AD34A58}.Debug|Any CPU.Build.0 = Debug|Any CPU
		{9F5191DD-5843-4B35-9844-6EA99AD34A58}.Release|Any CPU.ActiveCfg = Release|Any CPU
		{9F5191DD-5843-4B35-9844-6EA99AD34A58}.Release|Any CPU.Build.0 = Release|Any CPU
	EndGlobalSection
	GlobalSection(SolutionProperties) = preSolution
		HideSolutionNode = FALSE
	EndGlobalSection
	GlobalSection(ExtensibilityGlobals) = postSolution
		SolutionGuid = {9DC3DB0C-694C-45FB-812D-A7777CBB3D04}
	EndGlobalSection
EndGlobal
